
Microsoft Visual Studio Solution File, Format Version 12.00
# Visual Studio Version 16
VisualStudioVersion = 16.0.31624.102
MinimumVisualStudioVersion = 10.0.40219.1
Project("{FAE04EC0-301F-11D3-BF4B-00C04F79EFBC}") = "quvvet", "quvvet\quvvet.csproj", "{AFB264C2-58EA-4567-9A82-5DD8007A6C61}"
EndProject
Global
	GlobalSection(SolutionConfigurationPlatforms) = preSolution
		Debug|Any CPU = Debug|Any CPU
		Release|Any CPU = Release|Any CPU
	EndGlobalSection
	GlobalSection(ProjectConfigurationPlatforms) = postSolution
		{AFB264C2-58EA-4567-9A82-5DD8007A6C61}.Debug|Any CPU.ActiveCfg = Debug|Any CPU
		{AFB264C2-58EA-4567-9A82-5DD8007A6C61}.Debug|Any CPU.Build.0 = Debug|Any CPU
		{AFB264C2-58EA-4567-9A82-5DD8007A6C61}.Release|Any CPU.ActiveCfg = Release|Any CPU
		{AFB264C2-58EA-4567-9A82-5DD8007A6C61}.Release|Any CPU.Build.0 = Release|Any CPU
	EndGlobalSection
	GlobalSection(SolutionProperties) = preSolution
		HideSolutionNode = FALSE
	EndGlobalSection
	GlobalSection(ExtensibilityGlobals) = postSolution
		SolutionGuid = {8EF1EF5F-87E2-4E39-9A7B-B5B816DC22F5}
	EndGlobalSection
EndGlobal
